
Microsoft Visual Studio Solution File, Format Version 12.00
# Visual Studio Version 16
VisualStudioVersion = 16.0.30517.126
MinimumVisualStudioVersion = 10.0.40219.1
Project("{9A19103F-16F7-4668-BE54-9A1E7A4F7556}") = "AdventOfCode2020", "AdventOfCode2020\AdventOfCode2020.csproj", "{95B3D0F2-4BB1-417B-9B8A-E9D55CBE3CE2}"
EndProject
Project("{FAE04EC0-301F-11D3-BF4B-00C04F79EFBC}") = "NUnitTests", "NUnitTests\NUnitTests.csproj", "{B0CA1DA9-C010-4695-AD21-7BDA6ED48B63}"
EndProject
Global
	GlobalSection(SolutionConfigurationPlatforms) = preSolution
		Debug|Any CPU = Debug|Any CPU
		Release|Any CPU = Release|Any CPU
	EndGlobalSection
	GlobalSection(ProjectConfigurationPlatforms) = postSolution
		{95B3D0F2-4BB1-417B-9B8A-E9D55CBE3CE2}.Debug|Any CPU.ActiveCfg = Debug|Any CPU
		{95B3D0F2-4BB1-417B-9B8A-E9D55CBE3CE2}.Debug|Any CPU.Build.0 = Debug|Any CPU
		{95B3D0F2-4BB1-417B-9B8A-E9D55CBE3CE2}.Release|Any CPU.ActiveCfg = Release|Any CPU
		{95B3D0F2-4BB1-417B-9B8A-E9D55CBE3CE2}.Release|Any CPU.Build.0 = Release|Any CPU
		{B0CA1DA9-C010-4695-AD21-7BDA6ED48B63}.Debug|Any CPU.ActiveCfg = Debug|Any CPU
		{B0CA1DA9-C010-4695-AD21-7BDA6ED48B63}.Debug|Any CPU.Build.0 = Debug|Any CPU
		{B0CA1DA9-C010-4695-AD21-7BDA6ED48B63}.Release|Any CPU.ActiveCfg = Release|Any CPU
		{B0CA1DA9-C010-4695-AD21-7BDA6ED48B63}.Release|Any CPU.Build.0 = Release|Any CPU
	EndGlobalSection
	GlobalSection(SolutionProperties) = preSolution
		HideSolutionNode = FALSE
	EndGlobalSection
	GlobalSection(ExtensibilityGlobals) = postSolution
		SolutionGuid = {A3AA8AF4-BB7B-4E9C-91B1-21BAA55BC669}
	EndGlobalSection
EndGlobal
